
Microsoft Visual Studio Solution File, Format Version 12.00
Project("{FAE04EC0-301F-11D3-BF4B-00C04F79EFBC}") = "NCode.CryptoMemory", "NCode.CryptoMemory\NCode.CryptoMemory.csproj", "{F3DF641F-A990-49B9-A5F2-C55BEDD5566D}"
EndProject
Project("{FAE04EC0-301F-11D3-BF4B-00C04F79EFBC}") = "NCode.CryptoMemory.Tests", "NCode.CryptoMemory.Tests\NCode.CryptoMemory.Tests.csproj", "{A8A76904-DAC4-4A0A-B7DE-6629A7F69DA7}"
EndProject
Global
	GlobalSection(SolutionConfigurationPlatforms) = preSolution
		Debug|Any CPU = Debug|Any CPU
		Release|Any CPU = Release|Any CPU
	EndGlobalSection
	GlobalSection(ProjectConfigurationPlatforms) = postSolution
		{F3DF641F-A990-49B9-A5F2-C55BEDD5566D}.Debug|Any CPU.ActiveCfg = Debug|Any CPU
		{F3DF641F-A990-49B9-A5F2-C55BEDD5566D}.Debug|Any CPU.Build.0 = Debug|Any CPU
		{F3DF641F-A990-49B9-A5F2-C55BEDD5566D}.Release|Any CPU.ActiveCfg = Release|Any CPU
		{F3DF641F-A990-49B9-A5F2-C55BEDD5566D}.Release|Any CPU.Build.0 = Release|Any CPU
		{A8A76904-DAC4-4A0A-B7DE-6629A7F69DA7}.Debug|Any CPU.ActiveCfg = Debug|Any CPU
		{A8A76904-DAC4-4A0A-B7DE-6629A7F69DA7}.Debug|Any CPU.Build.0 = Debug|Any CPU
		{A8A76904-DAC4-4A0A-B7DE-6629A7F69DA7}.Release|Any CPU.ActiveCfg = Release|Any CPU
		{A8A76904-DAC4-4A0A-B7DE-6629A7F69DA7}.Release|Any CPU.Build.0 = Release|Any CPU
	EndGlobalSection
EndGlobal
